{
  "nodes": {
    "cachyos-kernel": {
      "flake": false,
      "locked": {
        "lastModified": 1766395826,
        "narHash": "sha256-W/8JwebN9BF9vpMV9yZpaSFGGazQWyhGEpmNI1XEugM=",
        "owner": "CachyOS",
        "repo": "linux-cachyos",
        "rev": "b68aded713a580df028543faea77c4ca5ec1226b",
        "type": "github"
      },
      "original": {
        "owner": "CachyOS",
        "repo": "linux-cachyos",
        "type": "github"
      }
    },
    "cachyos-kernel-patches": {
      "flake": false,
      "locked": {
        "lastModified": 1766372082,
        "narHash": "sha256-kUCl6N3+e0CGn2tAci0WRr14L+01JYpcbN9HeCvWt3E=",
        "owner": "CachyOS",
        "repo": "kernel-patches",
        "rev": "a0f67557573aa13c028aea2a84a7a68e0d5477e8",
        "type": "github"
      },
      "original": {
        "owner": "CachyOS",
        "repo": "kernel-patches",
        "type": "github"
      }
    },
    "cpu-microcodes": {
      "flake": false,
      "locked": {
        "lastModified": 1765040770,
        "narHash": "sha256-VFFFnQjay/sQbKU0hv8vcF++3BOeQx2vIijQ3UYsecc=",
        "owner": "platomav",
        "repo": "CPUMicrocodes",
        "rev": "4b18748b5cfc10464e4c5c5d93ead73a29482fb0",
        "type": "github"
      },
      "original": {
        "owner": "platomav",
        "repo": "CPUMicrocodes",
        "rev": "4b18748b5cfc10464e4c5c5d93ead73a29482fb0",
        "type": "github"
      }
    },
    "dankMaterialShell": {
      "inputs": {
        "dgop": [
          "dgop"
        ],
        "nixpkgs": [
          "nixpkgs"
        ],
        "quickshell": "quickshell"
      },
      "locked": {
        "lastModified": 1766587675,
        "narHash": "sha256-BL3n62NPEeHC3mpfPz0FOimZ7ahiqoEnqfz/3kQU3n8=",
        "owner": "AvengeMedia",
        "repo": "DankMaterialShell",
        "rev": "10e81cfdd3d7eacfad2e16b960825e4de0d0a856",
        "type": "github"
      },
      "original": {
        "owner": "AvengeMedia",
        "repo": "DankMaterialShell",
        "type": "github"
      }
    },
    "dgop": {
      "inputs": {
        "nixpkgs": [
          "nixpkgs"
        ]
      },
      "locked": {
        "lastModified": 1765838956,
        "narHash": "sha256-A3a2ZfvjirX8VIdIPI+nAyukWs6vx4vet3fU0mpr7lU=",
        "owner": "AvengeMedia",
        "repo": "dgop",
        "rev": "0ff697a4e3418966caa714c838fc73f1ef6ba59b",
        "type": "github"
      },
      "original": {
        "owner": "AvengeMedia",
        "repo": "dgop",
        "type": "github"
      }
    },
    "flake-compat": {
      "flake": false,
      "locked": {
        "lastModified": 1765121682,
        "narHash": "sha256-4VBOP18BFeiPkyhy9o4ssBNQEvfvv1kXkasAYd0+rrA=",
        "owner": "NixOS",
        "repo": "flake-compat",
        "rev": "65f23138d8d09a92e30f1e5c87611b23ef451bf3",
        "type": "github"
      },
      "original": {
        "owner": "NixOS",
        "repo": "flake-compat",
        "type": "github"
      }
    },
    "flake-parts": {
      "inputs": {
        "nixpkgs-lib": "nixpkgs-lib"
      },
      "locked": {
        "lastModified": 1765835352,
        "narHash": "sha256-XswHlK/Qtjasvhd1nOa1e8MgZ8GS//jBoTqWtrS1Giw=",
        "owner": "hercules-ci",
        "repo": "flake-parts",
        "rev": "a34fae9c08a15ad73f295041fec82323541400a9",
        "type": "github"
      },
      "original": {
        "owner": "hercules-ci",
        "repo": "flake-parts",
        "type": "github"
      }
    },
    "home-manager": {
      "inputs": {
        "nixpkgs": [
          "nixpkgs"
        ]
      },
      "locked": {
        "lastModified": 1766553851,
        "narHash": "sha256-hHKQhHkXxuPJwLkI8wdu826GLV5AcuW9/HVdc9eBnTU=",
        "owner": "nix-community",
        "repo": "home-manager",
        "rev": "7eca7f7081036a7b740090994c9ec543927f89a7",
        "type": "github"
      },
      "original": {
        "owner": "nix-community",
        "ref": "master",
        "repo": "home-manager",
        "type": "github"
      }
    },
    "nix-cachyos-kernel": {
      "inputs": {
        "cachyos-kernel": "cachyos-kernel",
        "cachyos-kernel-patches": "cachyos-kernel-patches",
        "flake-compat": "flake-compat",
        "flake-parts": "flake-parts",
        "nixpkgs": "nixpkgs"
      },
      "locked": {
        "lastModified": 1766598373,
        "narHash": "sha256-MwouBiMUwIOvrpRDa4Snqb7hvszFyvljJtE+6OI00vs=",
        "owner": "xddxdd",
        "repo": "nix-cachyos-kernel",
        "rev": "42b263471fdc6d2b36d16d861cd95a37a6c16d2e",
        "type": "github"
      },
      "original": {
        "owner": "xddxdd",
        "ref": "release",
        "repo": "nix-cachyos-kernel",
        "type": "github"
      }
    },
    "nixpkgs": {
      "locked": {
        "lastModified": 1766556582,
        "narHash": "sha256-RS9g4OmTRDemT1NffwtVk5i0Xk/J1H0Q7Ey3sfM7dfk=",
        "owner": "NixOS",
        "repo": "nixpkgs",
        "rev": "f9f2c15ab976fe04b1ffad6986c5435cd1549491",
        "type": "github"
      },
      "original": {
        "owner": "NixOS",
        "ref": "nixos-unstable-small",
        "repo": "nixpkgs",
        "type": "github"
      }
    },
    "nixpkgs-lib": {
      "locked": {
        "lastModified": 1765674936,
        "narHash": "sha256-k00uTP4JNfmejrCLJOwdObYC9jHRrr/5M/a/8L2EIdo=",
        "owner": "nix-community",
        "repo": "nixpkgs.lib",
        "rev": "2075416fcb47225d9b68ac469a5c4801a9c4dd85",
        "type": "github"
      },
      "original": {
        "owner": "nix-community",
        "repo": "nixpkgs.lib",
        "type": "github"
      }
    },
    "nixpkgs_2": {
      "locked": {
        "lastModified": 1766309749,
        "narHash": "sha256-3xY8CZ4rSnQ0NqGhMKAy5vgC+2IVK0NoVEzDoOh4DA4=",
        "owner": "NixOS",
        "repo": "nixpkgs",
        "rev": "a6531044f6d0bef691ea18d4d4ce44d0daa6e816",
        "type": "github"
      },
      "original": {
        "owner": "NixOS",
        "ref": "nixos-unstable",
        "repo": "nixpkgs",
        "type": "github"
      }
    },
    "nixpkgs_3": {
      "locked": {
        "lastModified": 1766309749,
        "narHash": "sha256-3xY8CZ4rSnQ0NqGhMKAy5vgC+2IVK0NoVEzDoOh4DA4=",
        "owner": "nixos",
        "repo": "nixpkgs",
        "rev": "a6531044f6d0bef691ea18d4d4ce44d0daa6e816",
        "type": "github"
      },
      "original": {
        "owner": "nixos",
        "ref": "nixos-unstable",
        "repo": "nixpkgs",
        "type": "github"
      }
    },
    "proton-cachyos": {
      "inputs": {
        "nixpkgs": "nixpkgs_3"
      },
      "locked": {
        "lastModified": 1766466669,
        "narHash": "sha256-W/+UUlxEmcWjaUK7CDTtLed/pndmuVERpCbTv4MV+rM=",
        "owner": "powerofthe69",
        "repo": "proton-cachyos-nix",
        "rev": "7ff1cceb6da701a1ace861eb1fe2c9b4d31878b1",
        "type": "github"
      },
      "original": {
        "owner": "powerofthe69",
        "repo": "proton-cachyos-nix",
        "type": "github"
      }
    },
    "quickshell": {
      "inputs": {
        "nixpkgs": [
          "dankMaterialShell",
          "nixpkgs"
        ]
      },
      "locked": {
        "lastModified": 1764663772,
        "narHash": "sha256-sHqLmm0wAt3PC4vczJeBozI1/f4rv9yp3IjkClHDXDs=",
        "ref": "refs/heads/master",
        "rev": "26531fc46ef17e9365b03770edd3fb9206fcb460",
        "revCount": 713,
        "type": "git",
        "url": "https://git.outfoxxed.me/quickshell/quickshell"
      },
      "original": {
        "rev": "26531fc46ef17e9365b03770edd3fb9206fcb460",
        "type": "git",
        "url": "https://git.outfoxxed.me/quickshell/quickshell"
      }
    },
    "root": {
      "inputs": {
        "dankMaterialShell": "dankMaterialShell",
        "dgop": "dgop",
        "home-manager": "home-manager",
        "nix-cachyos-kernel": "nix-cachyos-kernel",
        "nixpkgs": "nixpkgs_2",
        "proton-cachyos": "proton-cachyos",
        "ucodenix": "ucodenix"
      }
    },
    "ucodenix": {
      "inputs": {
        "cpu-microcodes": "cpu-microcodes"
      },
      "locked": {
        "lastModified": 1765323566,
        "narHash": "sha256-YWs6ZlUGBRYLWxRXy9SB184qwPCEnfQqepmSmTw7cFM=",
        "owner": "e-tho",
        "repo": "ucodenix",
        "rev": "98f3557566919631c392b87a9734a5aa6319552c",
        "type": "github"
      },
      "original": {
        "owner": "e-tho",
        "repo": "ucodenix",
        "type": "github"
      }
    }
  },
  "root": "root",
  "version": 7
}
